github.com/fredli74/bytearray v0.0.0-20160519123742-883b9d2bdcd6 h1:JLylN6PxKYv/XRa6aFHY9i5Xem7unSOxtCQkBe2/YOY=
github.com/fredli74/bytearray v0.0.0-20160519123742-883b9d2bdcd6/go.mod h1:27kEbKG5J4c9EYkGw+aBEZS60pSh9Q/LstJGBJySubA=
github.com/fredli74/cmdparser v0.0.0-20260118112638-58bac3b91ce4 h1:Ky7qCb+u5HL3/VVPB/8SVptH3sh51WgUGbY03Ww/wkE=
github.com/fredli74/cmdparser v0.0.0-20260118112638-58bac3b91ce4/go.mod h1:ck3YzlJGNXbDI376+EhSifdXw907p0yiovNlt/oPVGU=
github.com/fredli74/lockfile v0.0.0-20180308112638-92f5e1efe5d6 h1:V1cvRWIIirKdCty152f2jl05Q+vYG3QKmxHhfgP+Af4=
github.com/fredli74/lockfile v0.0.0-20180308112638-92f5e1efe5d6/go.mod h1:2o7gEO6MFrLBcI9C4xQrR5gU4OqX4UWnpmO1Zo7/B0M=
github.com/smtc/rollsum v0.0.0-20150721100732-39e98d252100 h1:i0RlfVCicU2hdE7lSl0e8VxJtJIpfLhvyZXdb4VGHmY=
github.com/smtc/rollsum v0.0.0-20150721100732-39e98d252100/go.mod h1:6sQHUq9MNR2x9+cpk8+oegntSXGnXHopnOv92j2tikk=
