github.com/fredli74/bytearray v0.0.0-20160519123742-883b9d2bdcd6 h1:JLylN6PxKYv/XRa6aFHY9i5Xem7unSOxtCQkBe2/YOY=
github.com/fredli74/bytearray v0.0.0-20160519123742-883b9d2bdcd6/go.mod h1:27kEbKG5J4c9EYkGw+aBEZS60pSh9Q/LstJGBJySubA=
github.com/fredli74/cmdparser v0.0.0-20260119100722-3ee0dbb0354a h1:kmNAxjXDeY73/IUnDwq56jXQEYXXWQBdOxMuQhCf680=
github.com/fredli74/cmdparser v0.0.0-20260119100722-3ee0dbb0354a/go.mod h1:ck3YzlJGNXbDI376+EhSifdXw907p0yiovNlt/oPVGU=
github.com/fredli74/cmdparser v0.0.0-20260216024156-5bfb74fb0a2e h1:5ID0zJJkC7g1ZrdD1Pdb0rq7Ym3HwocGTmAhZSVYY9U=
github.com/fredli74/cmdparser v0.0.0-20260216024156-5bfb74fb0a2e/go.mod h1:jIe/wes27xwVRnRzEdrNOp1QsUcRqrWsFCEyFs2ztbI=
golang.org/x/sys v0.21.0 h1:rF+pYz3DAGSQAxAu1CbC7catZg4ebC4UIeIhKxBZvws=
golang.org/x/sys v0.21.0/go.mod h1:/VUhepiaJMQUp4+oa/7Zr1D23ma6VTLIYjOOTFZPUcA=
